
Microsoft Visual Studio Solution File, Format Version 12.00
# Visual Studio Version 17
VisualStudioVersion = 17.14.36603.0
MinimumVisualStudioVersion = 10.0.40219.1
Project("{FAE04EC0-301F-11D3-BF4B-00C04F79EFBC}") = "deepdeepbim.RevitApi.ManagedWorkflow.Core", "deepdeepbim.RevitApi.ManagedWorkflow.Core\deepdeepbim.RevitApi.ManagedWorkflow.Core.csproj", "{A6D87799-CB62-4F1E-B5D0-64F7C2001664}"
EndProject
Project("{FAE04EC0-301F-11D3-BF4B-00C04F79EFBC}") = "deepdeepbim.RevitApi.ApplicationUpdater", "deepdeepbim.RevitApi.ApplicationUpdater\deepdeepbim.RevitApi.ApplicationUpdater.csproj", "{3464EE98-E926-484E-9B5E-B30654CEB97A}"
EndProject
Project("{FAE04EC0-301F-11D3-BF4B-00C04F79EFBC}") = "deepdeepbim.RevitApi.ReloadableApplication", "deepdeepbim.RevitApi.ReloadableApplication\deepdeepbim.RevitApi.ReloadableApplication.csproj", "{A54C26BB-A1D6-409D-A941-99EC45C5599F}"
EndProject
Global
	GlobalSection(SolutionConfigurationPlatforms) = preSolution
		Debug|Any CPU = Debug|Any CPU
		Release|Any CPU = Release|Any CPU
	EndGlobalSection
	GlobalSection(ProjectConfigurationPlatforms) = postSolution
		{A6D87799-CB62-4F1E-B5D0-64F7C2001664}.Debug|Any CPU.ActiveCfg = Debug|Any CPU
		{A6D87799-CB62-4F1E-B5D0-64F7C2001664}.Debug|Any CPU.Build.0 = Debug|Any CPU
		{A6D87799-CB62-4F1E-B5D0-64F7C2001664}.Release|Any CPU.ActiveCfg = Release|Any CPU
		{A6D87799-CB62-4F1E-B5D0-64F7C2001664}.Release|Any CPU.Build.0 = Release|Any CPU
		{3464EE98-E926-484E-9B5E-B30654CEB97A}.Debug|Any CPU.ActiveCfg = Debug|Any CPU
		{3464EE98-E926-484E-9B5E-B30654CEB97A}.Debug|Any CPU.Build.0 = Debug|Any CPU
		{3464EE98-E926-484E-9B5E-B30654CEB97A}.Release|Any CPU.ActiveCfg = Release|Any CPU
		{3464EE98-E926-484E-9B5E-B30654CEB97A}.Release|Any CPU.Build.0 = Release|Any CPU
		{A54C26BB-A1D6-409D-A941-99EC45C5599F}.Debug|Any CPU.ActiveCfg = Debug|Any CPU
		{A54C26BB-A1D6-409D-A941-99EC45C5599F}.Debug|Any CPU.Build.0 = Debug|Any CPU
		{A54C26BB-A1D6-409D-A941-99EC45C5599F}.Release|Any CPU.ActiveCfg = Release|Any CPU
		{A54C26BB-A1D6-409D-A941-99EC45C5599F}.Release|Any CPU.Build.0 = Release|Any CPU
	EndGlobalSection
	GlobalSection(SolutionProperties) = preSolution
		HideSolutionNode = FALSE
	EndGlobalSection
	GlobalSection(ExtensibilityGlobals) = postSolution
		SolutionGuid = {AC1ECC91-AC29-493B-B6D8-28DC8179D6AD}
	EndGlobalSection
EndGlobal
