
Microsoft Visual Studio Solution File, Format Version 12.00
# Visual Studio Version 17
VisualStudioVersion = 17.14.36603.0 d17.14
MinimumVisualStudioVersion = 10.0.40219.1
Project("{FAE04EC0-301F-11D3-BF4B-00C04F79EFBC}") = "deepdeepbim.RevitApi", "deepdeepbim.RevitApi\deepdeepbim.RevitApi.csproj", "{77146DBC-95CD-4C86-B83E-BED34E818697}"
EndProject
Global
	GlobalSection(SolutionConfigurationPlatforms) = preSolution
		Debug|Any CPU = Debug|Any CPU
		Release|Any CPU = Release|Any CPU
	EndGlobalSection
	GlobalSection(ProjectConfigurationPlatforms) = postSolution
		{77146DBC-95CD-4C86-B83E-BED34E818697}.Debug|Any CPU.ActiveCfg = Debug|Any CPU
		{77146DBC-95CD-4C86-B83E-BED34E818697}.Debug|Any CPU.Build.0 = Debug|Any CPU
		{77146DBC-95CD-4C86-B83E-BED34E818697}.Release|Any CPU.ActiveCfg = Release|Any CPU
		{77146DBC-95CD-4C86-B83E-BED34E818697}.Release|Any CPU.Build.0 = Release|Any CPU
	EndGlobalSection
	GlobalSection(SolutionProperties) = preSolution
		HideSolutionNode = FALSE
	EndGlobalSection
	GlobalSection(ExtensibilityGlobals) = postSolution
		SolutionGuid = {AC1ECC91-AC29-493B-B6D8-28DC8179D6AD}
	EndGlobalSection
EndGlobal
